{
  "name": "imagecf",
  "version": "1.0.0",
  "lockfileVersion": 2,
  "requires": true,
  "packages": {
    "": {
      "name": "imagecf",
      "version": "1.0.0",
      "license": "MIT",
      "dependencies": {
        "itty-router": "^2.5.1"
      },
      "devDependencies": {
        "prettier": "^1.18.2"
      }
    },
    "node_modules/itty-router": {
      "version": "2.5.1",
      "resolved": "https://repo.huaweicloud.com/repository/npm/itty-router/-/itty-router-2.5.1.tgz",
      "integrity": "sha512-jo0nxZ6chlintF/LoJbuuMxqU5b8Vh/HqaB6FHrK47r7psOGYDBCWMWIMyBoBryVf9Hg11HxFysgsJpjlJGs8Q==",
      "license": "MIT"
    },
    "node_modules/prettier": {
      "version": "1.19.1",
      "resolved": "https://repo.huaweicloud.com/repository/npm/prettier/-/prettier-1.19.1.tgz",
      "integrity": "sha512-s7PoyDv/II1ObgQunCbB9PdLmUcBZcnWOcxDh7O0N/UwDEsHyqkW+Qh28jW+mVuCdx7gLB0BotYI1Y6uI9iyew==",
      "dev": true,
      "license": "MIT",
      "bin": {
        "prettier": "bin-prettier.js"
      },
      "engines": {
        "node": ">=4"
      }
    }
  },
  "dependencies": {
    "itty-router": {
      "version": "2.5.1",
      "resolved": "https://repo.huaweicloud.com/repository/npm/itty-router/-/itty-router-2.5.1.tgz",
      "integrity": "sha512-jo0nxZ6chlintF/LoJbuuMxqU5b8Vh/HqaB6FHrK47r7psOGYDBCWMWIMyBoBryVf9Hg11HxFysgsJpjlJGs8Q=="
    },
    "prettier": {
      "version": "1.19.1",
      "resolved": "https://repo.huaweicloud.com/repository/npm/prettier/-/prettier-1.19.1.tgz",
      "integrity": "sha512-s7PoyDv/II1ObgQunCbB9PdLmUcBZcnWOcxDh7O0N/UwDEsHyqkW+Qh28jW+mVuCdx7gLB0BotYI1Y6uI9iyew==",
      "dev": true
    }
  }
}
